# This file is generated by running "yarn install" inside your project.
# Manual changes might be lost - proceed with caution!

__metadata:
  version: 8
  cacheKey: 10c0

"entities@npm:^2.0.3":
  version: 2.2.0
  resolution: "entities@npm:2.2.0"
  checksum: 10c0/7fba6af1f116300d2ba1c5673fc218af1961b20908638391b4e1e6d5850314ee2ac3ec22d741b3a8060479911c99305164aed19b6254bde75e7e6b1b2c3f3aa3
  languageName: node
  linkType: hard

"inho1019@workspace:.":
  version: 0.0.0-use.local
  resolution: "inho1019@workspace:."
  dependencies:
    rss-parser: "npm:^3.13.0"
  languageName: unknown
  linkType: soft

"rss-parser@npm:^3.13.0":
  version: 3.13.0
  resolution: "rss-parser@npm:3.13.0"
  dependencies:
    entities: "npm:^2.0.3"
    xml2js: "npm:^0.5.0"
  checksum: 10c0/d3912c9971b81630aedb39bf57d44767d6e35e1e040fbb3602725eb8d1b17867f7f7db6c3377722c3daeff90c02ee2b3a14725fee723e2375611a56d75ea2159
  languageName: node
  linkType: hard

"sax@npm:>=0.6.0":
  version: 1.4.1
  resolution: "sax@npm:1.4.1"
  checksum: 10c0/6bf86318a254c5d898ede6bd3ded15daf68ae08a5495a2739564eb265cd13bcc64a07ab466fb204f67ce472bb534eb8612dac587435515169593f4fffa11de7c
  languageName: node
  linkType: hard

"xml2js@npm:^0.5.0":
  version: 0.5.0
  resolution: "xml2js@npm:0.5.0"
  dependencies:
    sax: "npm:>=0.6.0"
    xmlbuilder: "npm:~11.0.0"
  checksum: 10c0/c9cd07cd19c5e41c740913bbbf16999a37a204488e11f86eddc2999707d43967197e257014d7ed72c8fc4348c192fa47eb352d1d9d05637cefd0d2e24e9aa4c8
  languageName: node
  linkType: hard

"xmlbuilder@npm:~11.0.0":
  version: 11.0.1
  resolution: "xmlbuilder@npm:11.0.1"
  checksum: 10c0/74b979f89a0a129926bc786b913459bdbcefa809afaa551c5ab83f89b1915bdaea14c11c759284bb9b931e3b53004dbc2181e21d3ca9553eeb0b2a7b4e40c35b
  languageName: node
  linkType: hard
